
Microsoft Visual Studio Solution File, Format Version 12.00
# Visual Studio Version 16
VisualStudioVersion = 16.0.30413.136
MinimumVisualStudioVersion = 10.0.40219.1
Project("{2150E333-8FDC-42A3-9474-1A3956D46DE8}") = "Microservices", "Microservices", "{412B12DA-46BB-408B-8847-CEA5E4E05F3E}"
EndProject
Project("{2150E333-8FDC-42A3-9474-1A3956D46DE8}") = "Domain", "Domain", "{01743CE8-1D58-4C9F-90FE-7DFDC6681BF8}"
EndProject
Project("{2150E333-8FDC-42A3-9474-1A3956D46DE8}") = "Infra.IoC", "Infra.IoC", "{481D4457-91DF-44FC-A3C5-11007631D95E}"
EndProject
Project("{2150E333-8FDC-42A3-9474-1A3956D46DE8}") = "Presentation", "Presentation", "{49B9889B-142E-42EF-8EC8-A74342C0CCF4}"
EndProject
Project("{9A19103F-16F7-4668-BE54-9A1E7A4F7556}") = "MicroRabbit.Domain.Core", "MicroRabbit.Domain.Core\MicroRabbit.Domain.Core.csproj", "{C9AE8C0D-285D-478E-AD02-B8D37DA51089}"
EndProject
Project("{FAE04EC0-301F-11D3-BF4B-00C04F79EFBC}") = "MicroRabbit.Infra.IoC", "MicroRabbit.Infra.IoC\MicroRabbit.Infra.IoC.csproj", "{CA482220-B318-4F55-B1C9-587E33F1B629}"
EndProject
Project("{2150E333-8FDC-42A3-9474-1A3956D46DE8}") = "Infra.Bus", "Infra.Bus", "{46A50B8D-C842-4B18-AA9E-BD84DFC0BA81}"
EndProject
Project("{FAE04EC0-301F-11D3-BF4B-00C04F79EFBC}") = "MicroRabbit.Infra.Bus", "MicroRabbit.Infra.Bus\MicroRabbit.Infra.Bus.csproj", "{94EF903B-4A2C-45B8-A56D-5845CD55FF55}"
EndProject
Project("{2150E333-8FDC-42A3-9474-1A3956D46DE8}") = "Banking", "Banking", "{4A9ECC4A-0C19-465E-9D4F-7952B079E425}"
EndProject
Project("{2150E333-8FDC-42A3-9474-1A3956D46DE8}") = "Api", "Api", "{41724017-9F32-449F-917D-0C22063FDE8B}"
EndProject
Project("{2150E333-8FDC-42A3-9474-1A3956D46DE8}") = "Data", "Data", "{62B8F934-0B6A-4D7D-BE27-72A32D4EC5BC}"
EndProject
Project("{2150E333-8FDC-42A3-9474-1A3956D46DE8}") = "Application", "Application", "{53304C23-98E2-4F01-A6F2-474298E19B04}"
EndProject
Project("{2150E333-8FDC-42A3-9474-1A3956D46DE8}") = "Domain", "Domain", "{350BB588-880A-41EC-AE75-37EC48BFB96C}"
EndProject
Project("{FAE04EC0-301F-11D3-BF4B-00C04F79EFBC}") = "MicroRabbit.Banking.Api", "MicroRabbit.Banking.Api\MicroRabbit.Banking.Api.csproj", "{88D96368-6E67-4DD4-923D-5AEF19AF9158}"
EndProject
Project("{FAE04EC0-301F-11D3-BF4B-00C04F79EFBC}") = "MicroRabbit.Banking.Application", "MicroRabbit.Banking.Application\MicroRabbit.Banking.Application.csproj", "{702CAB7B-8376-4A54-9EB4-4A9E58C997D2}"
EndProject
Project("{FAE04EC0-301F-11D3-BF4B-00C04F79EFBC}") = "MicroRabbit.Banking.Data", "MicroRabbit.Banking.Data\MicroRabbit.Banking.Data.csproj", "{1FBB92A6-909E-4736-A92B-9C59EA02B23C}"
EndProject
Project("{FAE04EC0-301F-11D3-BF4B-00C04F79EFBC}") = "MicroRabbit.Banking.Domain", "MicroRabbit.Banking.Domain\MicroRabbit.Banking.Domain.csproj", "{6D73CA00-C7CA-41B9-887F-0E7478869970}"
EndProject
Global
	GlobalSection(SolutionConfigurationPlatforms) = preSolution
		Debug|Any CPU = Debug|Any CPU
		Release|Any CPU = Release|Any CPU
	EndGlobalSection
	GlobalSection(ProjectConfigurationPlatforms) = postSolution
		{C9AE8C0D-285D-478E-AD02-B8D37DA51089}.Debug|Any CPU.ActiveCfg = Debug|Any CPU
		{C9AE8C0D-285D-478E-AD02-B8D37DA51089}.Debug|Any CPU.Build.0 = Debug|Any CPU
		{C9AE8C0D-285D-478E-AD02-B8D37DA51089}.Release|Any CPU.ActiveCfg = Release|Any CPU
		{C9AE8C0D-285D-478E-AD02-B8D37DA51089}.Release|Any CPU.Build.0 = Release|Any CPU
		{CA482220-B318-4F55-B1C9-587E33F1B629}.Debug|Any CPU.ActiveCfg = Debug|Any CPU
		{CA482220-B318-4F55-B1C9-587E33F1B629}.Debug|Any CPU.Build.0 = Debug|Any CPU
		{CA482220-B318-4F55-B1C9-587E33F1B629}.Release|Any CPU.ActiveCfg = Release|Any CPU
		{CA482220-B318-4F55-B1C9-587E33F1B629}.Release|Any CPU.Build.0 = Release|Any CPU
		{94EF903B-4A2C-45B8-A56D-5845CD55FF55}.Debug|Any CPU.ActiveCfg = Debug|Any CPU
		{94EF903B-4A2C-45B8-A56D-5845CD55FF55}.Debug|Any CPU.Build.0 = Debug|Any CPU
		{94EF903B-4A2C-45B8-A56D-5845CD55FF55}.Release|Any CPU.ActiveCfg = Release|Any CPU
		{94EF903B-4A2C-45B8-A56D-5845CD55FF55}.Release|Any CPU.Build.0 = Release|Any CPU
		{88D96368-6E67-4DD4-923D-5AEF19AF9158}.Debug|Any CPU.ActiveCfg = Debug|Any CPU
		{88D96368-6E67-4DD4-923D-5AEF19AF9158}.Debug|Any CPU.Build.0 = Debug|Any CPU
		{88D96368-6E67-4DD4-923D-5AEF19AF9158}.Release|Any CPU.ActiveCfg = Release|Any CPU
		{88D96368-6E67-4DD4-923D-5AEF19AF9158}.Release|Any CPU.Build.0 = Release|Any CPU
		{702CAB7B-8376-4A54-9EB4-4A9E58C997D2}.Debug|Any CPU.ActiveCfg = Debug|Any CPU
		{702CAB7B-8376-4A54-9EB4-4A9E58C997D2}.Debug|Any CPU.Build.0 = Debug|Any CPU
		{702CAB7B-8376-4A54-9EB4-4A9E58C997D2}.Release|Any CPU.ActiveCfg = Release|Any CPU
		{702CAB7B-8376-4A54-9EB4-4A9E58C997D2}.Release|Any CPU.Build.0 = Release|Any CPU
		{1FBB92A6-909E-4736-A92B-9C59EA02B23C}.Debug|Any CPU.ActiveCfg = Debug|Any CPU
		{1FBB92A6-909E-4736-A92B-9C59EA02B23C}.Debug|Any CPU.Build.0 = Debug|Any CPU
		{1FBB92A6-909E-4736-A92B-9C59EA02B23C}.Release|Any CPU.ActiveCfg = Release|Any CPU
		{1FBB92A6-909E-4736-A92B-9C59EA02B23C}.Release|Any CPU.Build.0 = Release|Any CPU
		{6D73CA00-C7CA-41B9-887F-0E7478869970}.Debug|Any CPU.ActiveCfg = Debug|Any CPU
		{6D73CA00-C7CA-41B9-887F-0E7478869970}.Debug|Any CPU.Build.0 = Debug|Any CPU
		{6D73CA00-C7CA-41B9-887F-0E7478869970}.Release|Any CPU.ActiveCfg = Release|Any CPU
		{6D73CA00-C7CA-41B9-887F-0E7478869970}.Release|Any CPU.Build.0 = Release|Any CPU
	EndGlobalSection
	GlobalSection(SolutionProperties) = preSolution
		HideSolutionNode = FALSE
	EndGlobalSection
	GlobalSection(NestedProjects) = preSolution
		{C9AE8C0D-285D-478E-AD02-B8D37DA51089} = {01743CE8-1D58-4C9F-90FE-7DFDC6681BF8}
		{CA482220-B318-4F55-B1C9-587E33F1B629} = {481D4457-91DF-44FC-A3C5-11007631D95E}
		{94EF903B-4A2C-45B8-A56D-5845CD55FF55} = {46A50B8D-C842-4B18-AA9E-BD84DFC0BA81}
		{4A9ECC4A-0C19-465E-9D4F-7952B079E425} = {412B12DA-46BB-408B-8847-CEA5E4E05F3E}
		{41724017-9F32-449F-917D-0C22063FDE8B} = {4A9ECC4A-0C19-465E-9D4F-7952B079E425}
		{62B8F934-0B6A-4D7D-BE27-72A32D4EC5BC} = {4A9ECC4A-0C19-465E-9D4F-7952B079E425}
		{53304C23-98E2-4F01-A6F2-474298E19B04} = {4A9ECC4A-0C19-465E-9D4F-7952B079E425}
		{350BB588-880A-41EC-AE75-37EC48BFB96C} = {4A9ECC4A-0C19-465E-9D4F-7952B079E425}
		{88D96368-6E67-4DD4-923D-5AEF19AF9158} = {41724017-9F32-449F-917D-0C22063FDE8B}
		{702CAB7B-8376-4A54-9EB4-4A9E58C997D2} = {53304C23-98E2-4F01-A6F2-474298E19B04}
		{1FBB92A6-909E-4736-A92B-9C59EA02B23C} = {62B8F934-0B6A-4D7D-BE27-72A32D4EC5BC}
		{6D73CA00-C7CA-41B9-887F-0E7478869970} = {350BB588-880A-41EC-AE75-37EC48BFB96C}
	EndGlobalSection
	GlobalSection(ExtensibilityGlobals) = postSolution
		SolutionGuid = {8D5A1A11-8C9B-48F7-B51B-834C3CCDD4B7}
	EndGlobalSection
EndGlobal
