
Microsoft Visual Studio Solution File, Format Version 12.00
# Visual Studio Version 16
VisualStudioVersion = 16.0.30413.136
MinimumVisualStudioVersion = 10.0.40219.1
Project("{2150E333-8FDC-42A3-9474-1A3956D46DE8}") = "Microservices", "Microservices", "{412B12DA-46BB-408B-8847-CEA5E4E05F3E}"
EndProject
Project("{2150E333-8FDC-42A3-9474-1A3956D46DE8}") = "Domain", "Domain", "{01743CE8-1D58-4C9F-90FE-7DFDC6681BF8}"
EndProject
Project("{2150E333-8FDC-42A3-9474-1A3956D46DE8}") = "Infra.IoC", "Infra.IoC", "{481D4457-91DF-44FC-A3C5-11007631D95E}"
EndProject
Project("{2150E333-8FDC-42A3-9474-1A3956D46DE8}") = "Presentation", "Presentation", "{49B9889B-142E-42EF-8EC8-A74342C0CCF4}"
EndProject
Project("{9A19103F-16F7-4668-BE54-9A1E7A4F7556}") = "MicroRabbit.Domain.Core", "MicroRabbit.Domain.Core\MicroRabbit.Domain.Core.csproj", "{C9AE8C0D-285D-478E-AD02-B8D37DA51089}"
EndProject
Project("{FAE04EC0-301F-11D3-BF4B-00C04F79EFBC}") = "MicroRabbit.Infra.IoC", "MicroRabbit.Infra.IoC\MicroRabbit.Infra.IoC.csproj", "{CA482220-B318-4F55-B1C9-587E33F1B629}"
EndProject
Project("{2150E333-8FDC-42A3-9474-1A3956D46DE8}") = "Infra.Bus", "Infra.Bus", "{46A50B8D-C842-4B18-AA9E-BD84DFC0BA81}"
EndProject
Project("{FAE04EC0-301F-11D3-BF4B-00C04F79EFBC}") = "MicroRabbit.Infra.Bus", "MicroRabbit.Infra.Bus\MicroRabbit.Infra.Bus.csproj", "{94EF903B-4A2C-45B8-A56D-5845CD55FF55}"
EndProject
Global
	GlobalSection(SolutionConfigurationPlatforms) = preSolution
		Debug|Any CPU = Debug|Any CPU
		Release|Any CPU = Release|Any CPU
	EndGlobalSection
	GlobalSection(ProjectConfigurationPlatforms) = postSolution
		{C9AE8C0D-285D-478E-AD02-B8D37DA51089}.Debug|Any CPU.ActiveCfg = Debug|Any CPU
		{C9AE8C0D-285D-478E-AD02-B8D37DA51089}.Debug|Any CPU.Build.0 = Debug|Any CPU
		{C9AE8C0D-285D-478E-AD02-B8D37DA51089}.Release|Any CPU.ActiveCfg = Release|Any CPU
		{C9AE8C0D-285D-478E-AD02-B8D37DA51089}.Release|Any CPU.Build.0 = Release|Any CPU
		{CA482220-B318-4F55-B1C9-587E33F1B629}.Debug|Any CPU.ActiveCfg = Debug|Any CPU
		{CA482220-B318-4F55-B1C9-587E33F1B629}.Debug|Any CPU.Build.0 = Debug|Any CPU
		{CA482220-B318-4F55-B1C9-587E33F1B629}.Release|Any CPU.ActiveCfg = Release|Any CPU
		{CA482220-B318-4F55-B1C9-587E33F1B629}.Release|Any CPU.Build.0 = Release|Any CPU
		{94EF903B-4A2C-45B8-A56D-5845CD55FF55}.Debug|Any CPU.ActiveCfg = Debug|Any CPU
		{94EF903B-4A2C-45B8-A56D-5845CD55FF55}.Debug|Any CPU.Build.0 = Debug|Any CPU
		{94EF903B-4A2C-45B8-A56D-5845CD55FF55}.Release|Any CPU.ActiveCfg = Release|Any CPU
		{94EF903B-4A2C-45B8-A56D-5845CD55FF55}.Release|Any CPU.Build.0 = Release|Any CPU
	EndGlobalSection
	GlobalSection(SolutionProperties) = preSolution
		HideSolutionNode = FALSE
	EndGlobalSection
	GlobalSection(NestedProjects) = preSolution
		{C9AE8C0D-285D-478E-AD02-B8D37DA51089} = {01743CE8-1D58-4C9F-90FE-7DFDC6681BF8}
		{CA482220-B318-4F55-B1C9-587E33F1B629} = {481D4457-91DF-44FC-A3C5-11007631D95E}
		{94EF903B-4A2C-45B8-A56D-5845CD55FF55} = {46A50B8D-C842-4B18-AA9E-BD84DFC0BA81}
	EndGlobalSection
	GlobalSection(ExtensibilityGlobals) = postSolution
		SolutionGuid = {8D5A1A11-8C9B-48F7-B51B-834C3CCDD4B7}
	EndGlobalSection
EndGlobal
